
Microsoft Visual Studio Solution File, Format Version 12.00
# Visual Studio Version 16
VisualStudioVersion = 16.0.32407.337
MinimumVisualStudioVersion = 10.0.40219.1
Project("{FAE04EC0-301F-11D3-BF4B-00C04F79EFBC}") = "Mshop", "Mshop\Mshop.csproj", "{663B95AC-E803-4871-B0F7-CC116D4FB76E}"
EndProject
Global
	GlobalSection(SolutionConfigurationPlatforms) = preSolution
		Debug|Any CPU = Debug|Any CPU
		Release|Any CPU = Release|Any CPU
	EndGlobalSection
	GlobalSection(ProjectConfigurationPlatforms) = postSolution
		{663B95AC-E803-4871-B0F7-CC116D4FB76E}.Debug|Any CPU.ActiveCfg = Debug|Any CPU
		{663B95AC-E803-4871-B0F7-CC116D4FB76E}.Debug|Any CPU.Build.0 = Debug|Any CPU
		{663B95AC-E803-4871-B0F7-CC116D4FB76E}.Release|Any CPU.ActiveCfg = Release|Any CPU
		{663B95AC-E803-4871-B0F7-CC116D4FB76E}.Release|Any CPU.Build.0 = Release|Any CPU
	EndGlobalSection
	GlobalSection(SolutionProperties) = preSolution
		HideSolutionNode = FALSE
	EndGlobalSection
	GlobalSection(ExtensibilityGlobals) = postSolution
		SolutionGuid = {967E2DCD-279E-47F5-91C7-D34716954DFF}
	EndGlobalSection
EndGlobal
